
Microsoft Visual Studio Solution File, Format Version 12.00
# Visual Studio Version 17
VisualStudioVersion = 17.8.34316.72
MinimumVisualStudioVersion = 10.0.40219.1
Project("{FAE04EC0-301F-11D3-BF4B-00C04F79EFBC}") = "BoraLa.api", "BoraLa.api\BoraLa.api.csproj", "{7367AF34-3A8C-4899-B72D-42B03201C585}"
EndProject
Global
	GlobalSection(SolutionConfigurationPlatforms) = preSolution
		Debug|Any CPU = Debug|Any CPU
		Release|Any CPU = Release|Any CPU
	EndGlobalSection
	GlobalSection(ProjectConfigurationPlatforms) = postSolution
		{7367AF34-3A8C-4899-B72D-42B03201C585}.Debug|Any CPU.ActiveCfg = Debug|Any CPU
		{7367AF34-3A8C-4899-B72D-42B03201C585}.Debug|Any CPU.Build.0 = Debug|Any CPU
		{7367AF34-3A8C-4899-B72D-42B03201C585}.Release|Any CPU.ActiveCfg = Release|Any CPU
		{7367AF34-3A8C-4899-B72D-42B03201C585}.Release|Any CPU.Build.0 = Release|Any CPU
	EndGlobalSection
	GlobalSection(SolutionProperties) = preSolution
		HideSolutionNode = FALSE
	EndGlobalSection
	GlobalSection(ExtensibilityGlobals) = postSolution
		SolutionGuid = {CB97D20D-2F7B-4092-8E09-F9E796535C3A}
	EndGlobalSection
EndGlobal
